// !$*UTF8*$!
{
	archiveVersion = 1;
	classes = {
	};
	objectVersion = 55;
	objects = {

/* Begin PBXBuildFile section */
		98988DF227B60ED000A5C691 /* AppDelegate.swift in Sources */ = {isa = PBXBuildFile; fileRef = 98988DF127B60ED000A5C691 /* AppDelegate.swift */; };
		98988DF427B60ED000A5C691 /* GameScene.sks in Resources */ = {isa = PBXBuildFile; fileRef = 98988DF327B60ED000A5C691 /* GameScene.sks */; };
		98988DF627B60ED000A5C691 /* Actions.sks in Resources */ = {isa = PBXBuildFile; fileRef = 98988DF527B60ED000A5C691 /* Actions.sks */; };
		98988DF827B60ED000A5C691 /* GameScene.swift in Sources */ = {isa = PBXBuildFile; fileRef = 98988DF727B60ED000A5C691 /* GameScene.swift */; };
		98988DFA27B60ED000A5C691 /* GameViewController.swift in Sources */ = {isa = PBXBuildFile; fileRef = 98988DF927B60ED000A5C691 /* GameViewController.swift */; };
		98988DFD27B60ED000A5C691 /* Main.storyboard in Resources */ = {isa = PBXBuildFile; fileRef = 98988DFB27B60ED000A5C691 /* Main.storyboard */; };
		98988DFF27B60ED100A5C691 /* Assets.xcassets in Resources */ = {isa = PBXBuildFile; fileRef = 98988DFE27B60ED100A5C691 /* Assets.xcassets */; };
		98988E0227B60ED100A5C691 /* LaunchScreen.storyboard in Resources */ = {isa = PBXBuildFile; fileRef = 98988E0027B60ED100A5C691 /* LaunchScreen.storyboard */; };
		98988E0C27B60ED100A5C691 /* PongTests.swift in Sources */ = {isa = PBXBuildFile; fileRef = 98988E0B27B60ED100A5C691 /* PongTests.swift */; };
		98988E1627B60ED100A5C691 /* PongUITests.swift in Sources */ = {isa = PBXBuildFile; fileRef = 98988E1527B60ED100A5C691 /* PongUITests.swift */; };
		98988E1827B60ED100A5C691 /* PongUITestsLaunchTests.swift in Sources */ = {isa = PBXBuildFile; fileRef = 98988E1727B60ED100A5C691 /* PongUITestsLaunchTests.swift */; };
/* End PBXBuildFile section */

/* Begin PBXContainerItemProxy section */
		98988E0827B60ED100A5C691 /* PBXContainerItemProxy */ = {
			isa = PBXContainerItemProxy;
			containerPortal = 98988DE627B60ED000A5C691 /* Project object */;
			proxyType = 1;
			remoteGlobalIDString = 98988DED27B60ED000A5C691;
			remoteInfo = Pong;
		};
		98988E1227B60ED100A5C691 /* PBXContainerItemProxy */ = {
			isa = PBXContainerItemProxy;
			containerPortal = 98988DE627B60ED000A5C691 /* Project object */;
			proxyType = 1;
			remoteGlobalIDString = 98988DED27B60ED000A5C691;
			remoteInfo = Pong;
		};
/* End PBXContainerItemProxy section */

/* Begin PBXFileReference section */
		98988DEE27B60ED000A5C691 /* Pong.app */ = {isa = PBXFileReference; explicitFileType = wrapper.application; includeInIndex = 0; path = Pong.app; sourceTree = BUILT_PRODUCTS_DIR; };
		98988DF127B60ED000A5C691 /* AppDelegate.swift */ = {isa = PBXFileReference; lastKnownFileType = sourcecode.swift; path = AppDelegate.swift; sourceTree = "<group>"; };
		98988DF327B60ED000A5C691 /* GameScene.sks */ = {isa = PBXFileReference; lastKnownFileType = file.sks; path = GameScene.sks; sourceTree = "<group>"; };
		98988DF527B60ED000A5C691 /* Actions.sks */ = {isa = PBXFileReference; lastKnownFileType = file.sks; path = Actions.sks; sourceTree = "<group>"; };
		98988DF727B60ED000A5C691 /* GameScene.swift */ = {isa = PBXFileReference; lastKnownFileType = sourcecode.swift; path = GameScene.swift; sourceTree = "<group>"; };
		98988DF927B60ED000A5C691 /* GameViewController.swift */ = {isa = PBXFileReference; lastKnownFileType = sourcecode.swift; path = GameViewController.swift; sourceTree = "<group>"; };
		98988DFC27B60ED000A5C691 /* Base */ = {isa = PBXFileReference; lastKnownFileType = file.storyboard; name = Base; path = Base.lproj/Main.storyboard; sourceTree = "<group>"; };
		98988DFE27B60ED100A5C691 /* Assets.xcassets */ = {isa = PBXFileReference; lastKnownFileType = folder.assetcatalog; path = Assets.xcassets; sourceTree = "<group>"; };
		98988E0127B60ED100A5C691 /* Base */ = {isa = PBXFileReference; lastKnownFileType = file.storyboard; name = Base; path = Base.lproj/LaunchScreen.storyboard; sourceTree = "<group>"; };
		98988E0727B60ED100A5C691 /* PongTests.xctest */ = {isa = PBXFileReference; explicitFileType = wrapper.cfbundle; includeInIndex = 0; path = PongTests.xctest; sourceTree = BUILT_PRODUCTS_DIR; };
		98988E0B27B60ED100A5C691 /* PongTests.swift */ = {isa = PBXFileReference; lastKnownFileType = sourcecode.swift; path = PongTests.swift; sourceTree = "<group>"; };
		98988E1127B60ED100A5C691 /* PongUITests.xctest */ = {isa = PBXFileReference; explicitFileType = wrapper.cfbundle; includeInIndex = 0; path = PongUITests.xctest; sourceTree = BUILT_PRODUCTS_DIR; };
		98988E1527B60ED100A5C691 /* PongUITests.swift */ = {isa = PBXFileReference; lastKnownFileType = sourcecode.swift; path = PongUITests.swift; sourceTree = "<group>"; };
		98988E1727B60ED100A5C691 /* PongUITestsLaunchTests.swift */ = {isa = PBXFileReference; lastKnownFileType = sourcecode.swift; path = PongUITestsLaunchTests.swift; sourceTree = "<group>"; };
/* End PBXFileReference section */

/* Begin PBXFrameworksBuildPhase section */
		98988DEB27B60ED000A5C691 /* Frameworks */ = {
			isa = PBXFrameworksBuildPhase;
			buildActionMask = 2147483647;
			files = (
			);
			runOnlyForDeploymentPostprocessing = 0;
		};
		98988E0427B60ED100A5C691 /* Frameworks */ = {
			isa = PBXFrameworksBuildPhase;
			buildActionMask = 2147483647;
			files = (
			);
			runOnlyForDeploymentPostprocessing = 0;
		};
		98988E0E27B60ED100A5C691 /* Frameworks */ = {
			isa = PBXFrameworksBuildPhase;
			buildActionMask = 2147483647;
			files = (
			);
			runOnlyForDeploymentPostprocessing = 0;
		};
/* End PBXFrameworksBuildPhase section */

/* Begin PBXGroup section */
		98988DE527B60ED000A5C691 = {
			isa = PBXGroup;
			children = (
				98988DF027B60ED000A5C691 /* Pong */,
				98988E0A27B60ED100A5C691 /* PongTests */,
				98988E1427B60ED100A5C691 /* PongUITests */,
				98988DEF27B60ED000A5C691 /* Products */,
			);
			sourceTree = "<group>";
		};
		98988DEF27B60ED000A5C691 /* Products */ = {
			isa = PBXGroup;
			children = (
				98988DEE27B60ED000A5C691 /* Pong.app */,
				98988E0727B60ED100A5C691 /* PongTests.xctest */,
				98988E1127B60ED100A5C691 /* PongUITests.xctest */,
			);
			name = Products;
			sourceTree = "<group>";
		};
		98988DF027B60ED000A5C691 /* Pong */ = {
			isa = PBXGroup;
			children = (
				98988DF127B60ED000A5C691 /* AppDelegate.swift */,
				98988DF327B60ED000A5C691 /* GameScene.sks */,
				98988DF527B60ED000A5C691 /* Actions.sks */,
				98988DF727B60ED000A5C691 /* GameScene.swift */,
				98988DF927B60ED000A5C691 /* GameViewController.swift */,
				98988DFB27B60ED000A5C691 /* Main.storyboard */,
				98988DFE27B60ED100A5C691 /* Assets.xcassets */,
				98988E0027B60ED100A5C691 /* LaunchScreen.storyboard */,
			);
			path = Pong;
			sourceTree = "<group>";
		};
		98988E0A27B60ED100A5C691 /* PongTests */ = {
			isa = PBXGroup;
			children = (
				98988E0B27B60ED100A5C691 /* PongTests.swift */,
			);
			path = PongTests;
			sourceTree = "<group>";
		};
		98988E1427B60ED100A5C691 /* PongUITests */ = {
			isa = PBXGroup;
			children = (
				98988E1527B60ED100A5C691 /* PongUITests.swift */,
				98988E1727B60ED100A5C691 /* PongUITestsLaunchTests.swift */,
			);
			path = PongUITests;
			sourceTree = "<group>";
		};
/* End PBXGroup section */

/* Begin PBXNativeTarget section */
		98988DED27B60ED000A5C691 /* Pong */ = {
			isa = PBXNativeTarget;
			buildConfigurationList = 98988E1B27B60ED100A5C691 /* Build configuration list for PBXNativeTarget "Pong" */;
			buildPhases = (
				98988DEA27B60ED000A5C691 /* Sources */,
				98988DEB27B60ED000A5C691 /* Frameworks */,
				98988DEC27B60ED000A5C691 /* Resources */,
			);
			buildRules = (
			);
			dependencies = (
			);
			name = Pong;
			productName = Pong;
			productReference = 98988DEE27B60ED000A5C691 /* Pong.app */;
			productType = "com.apple.product-type.application";
		};
		98988E0627B60ED100A5C691 /* PongTests */ = {
			isa = PBXNativeTarget;
			buildConfigurationList = 98988E1E27B60ED100A5C691 /* Build configuration list for PBXNativeTarget "PongTests" */;
			buildPhases = (
				98988E0327B60ED100A5C691 /* Sources */,
				98988E0427B60ED100A5C691 /* Frameworks */,
				98988E0527B60ED100A5C691 /* Resources */,
			);
			buildRules = (
			);
			dependencies = (
				98988E0927B60ED100A5C691 /* PBXTargetDependency */,
			);
			name = PongTests;
			productName = PongTests;
			productReference = 98988E0727B60ED100A5C691 /* PongTests.xctest */;
			productType = "com.apple.product-type.bundle.unit-test";
		};
		98988E1027B60ED100A5C691 /* PongUITests */ = {
			isa = PBXNativeTarget;
			buildConfigurationList = 98988E2127B60ED100A5C691 /* Build configuration list for PBXNativeTarget "PongUITests" */;
			buildPhases = (
				98988E0D27B60ED100A5C691 /* Sources */,
				98988E0E27B60ED100A5C691 /* Frameworks */,
				98988E0F27B60ED100A5C691 /* Resources */,
			);
			buildRules = (
			);
			dependencies = (
				98988E1327B60ED100A5C691 /* PBXTargetDependency */,
			);
			name = PongUITests;
			productName = PongUITests;
			productReference = 98988E1127B60ED100A5C691 /* PongUITests.xctest */;
			productType = "com.apple.product-type.bundle.ui-testing";
		};
/* End PBXNativeTarget section */

/* Begin PBXProject section */
		98988DE627B60ED000A5C691 /* Project object */ = {
			isa = PBXProject;
			attributes = {
				BuildIndependentTargetsInParallel = 1;
				LastSwiftUpdateCheck = 1320;
				LastUpgradeCheck = 1320;
				TargetAttributes = {
					98988DED27B60ED000A5C691 = {
						CreatedOnToolsVersion = 13.2.1;
					};
					98988E0627B60ED100A5C691 = {
						CreatedOnToolsVersion = 13.2.1;
						TestTargetID = 98988DED27B60ED000A5C691;
					};
					98988E1027B60ED100A5C691 = {
						CreatedOnToolsVersion = 13.2.1;
						TestTargetID = 98988DED27B60ED000A5C691;
					};
				};
			};
			buildConfigurationList = 98988DE927B60ED000A5C691 /* Build configuration list for PBXProject "Pong" */;
			compatibilityVersion = "Xcode 13.0";
			developmentRegion = en;
			hasScannedForEncodings = 0;
			knownRegions = (
				en,
				Base,
			);
			mainGroup = 98988DE527B60ED000A5C691;
			productRefGroup = 98988DEF27B60ED000A5C691 /* Products */;
			projectDirPath = "";
			projectRoot = "";
			targets = (
				98988DED27B60ED000A5C691 /* Pong */,
				98988E0627B60ED100A5C691 /* PongTests */,
				98988E1027B60ED100A5C691 /* PongUITests */,
			);
		};
/* End PBXProject section */

/* Begin PBXResourcesBuildPhase section */
		98988DEC27B60ED000A5C691 /* Resources */ = {
			isa = PBXResourcesBuildPhase;
			buildActionMask = 2147483647;
			files = (
				98988DFD27B60ED000A5C691 /* Main.storyboard in Resources */,
				98988DF427B60ED000A5C691 /* GameScene.sks in Resources */,
				98988DFF27B60ED100A5C691 /* Assets.xcassets in Resources */,
				98988E0227B60ED100A5C691 /* LaunchScreen.storyboard in Resources */,
				98988DF627B60ED000A5C691 /* Actions.sks in Resources */,
			);
			runOnlyForDeploymentPostprocessing = 0;
		};
		98988E0527B60ED100A5C691 /* Resources */ = {
			isa = PBXResourcesBuildPhase;
			buildActionMask = 2147483647;
			files = (
			);
			runOnlyForDeploymentPostprocessing = 0;
		};
		98988E0F27B60ED100A5C691 /* Resources */ = {
			isa = PBXResourcesBuildPhase;
			buildActionMask = 2147483647;
			files = (
			);
			runOnlyForDeploymentPostprocessing = 0;
		};
/* End PBXResourcesBuildPhase section */

/* Begin PBXSourcesBuildPhase section */
		98988DEA27B60ED000A5C691 /* Sources */ = {
			isa = PBXSourcesBuildPhase;
			buildActionMask = 2147483647;
			files = (
				98988DF827B60ED000A5C691 /* GameScene.swift in Sources */,
				98988DFA27B60ED000A5C691 /* GameViewController.swift in Sources */,
				98988DF227B60ED000A5C691 /* AppDelegate.swift in Sources */,
			);
			runOnlyForDeploymentPostprocessing = 0;
		};
		98988E0327B60ED100A5C691 /* Sources */ = {
			isa = PBXSourcesBuildPhase;
			buildActionMask = 2147483647;
			files = (
				98988E0C27B60ED100A5C691 /* PongTests.swift in Sources */,
			);
			runOnlyForDeploymentPostprocessing = 0;
		};
		98988E0D27B60ED100A5C691 /* Sources */ = {
			isa = PBXSourcesBuildPhase;
			buildActionMask = 2147483647;
			files = (
				98988E1827B60ED100A5C691 /* PongUITestsLaunchTests.swift in Sources */,
				98988E1627B60ED100A5C691 /* PongUITests.swift in Sources */,
			);
			runOnlyForDeploymentPostprocessing = 0;
		};
/* End PBXSourcesBuildPhase section */

/* Begin PBXTargetDependency section */
		98988E0927B60ED100A5C691 /* PBXTargetDependency */ = {
			isa = PBXTargetDependency;
			target = 98988DED27B60ED000A5C691 /* Pong */;
			targetProxy = 98988E0827B60ED100A5C691 /* PBXContainerItemProxy */;
		};
		98988E1327B60ED100A5C691 /* PBXTargetDependency */ = {
			isa = PBXTargetDependency;
			target = 98988DED27B60ED000A5C691 /* Pong */;
			targetProxy = 98988E1227B60ED100A5C691 /* PBXContainerItemProxy */;
		};
/* End PBXTargetDependency section */

/* Begin PBXVariantGroup section */
		98988DFB27B60ED000A5C691 /* Main.storyboard */ = {
			isa = PBXVariantGroup;
			children = (
				98988DFC27B60ED000A5C691 /* Base */,
			);
			name = Main.storyboard;
			sourceTree = "<group>";
		};
		98988E0027B60ED100A5C691 /* LaunchScreen.storyboard */ = {
			isa = PBXVariantGroup;
			children = (
				98988E0127B60ED100A5C691 /* Base */,
			);
			name = LaunchScreen.storyboard;
			sourceTree = "<group>";
		};
/* End PBXVariantGroup section */

/* Begin XCBuildConfiguration section */
		98988E1927B60ED100A5C691 /* Debug */ = {
			isa = XCBuildConfiguration;
			buildSettings = {
				ALWAYS_SEARCH_USER_PATHS = NO;
				CLANG_ANALYZER_NONNULL = YES;
				CLANG_ANALYZER_NUMBER_OBJECT_CONVERSION = YES_AGGRESSIVE;
				CLANG_CXX_LANGUAGE_STANDARD = "gnu++17";
				CLANG_CXX_LIBRARY = "libc++";
				CLANG_ENABLE_MODULES = YES;
				CLANG_ENABLE_OBJC_ARC = YES;
				CLANG_ENABLE_OBJC_WEAK = YES;
				CLANG_WARN_BLOCK_CAPTURE_AUTORELEASING = YES;
				CLANG_WARN_BOOL_CONVERSION = YES;
				CLANG_WARN_COMMA = YES;
				CLANG_WARN_CONSTANT_CONVERSION = YES;
				CLANG_WARN_DEPRECATED_OBJC_IMPLEMENTATIONS = YES;
				CLANG_WARN_DIRECT_OBJC_ISA_USAGE = YES_ERROR;
				CLANG_WARN_DOCUMENTATION_COMMENTS = YES;
				CLANG_WARN_EMPTY_BODY = YES;
				CLANG_WARN_ENUM_CONVERSION = YES;
				CLANG_WARN_INFINITE_RECURSION = YES;
				CLANG_WARN_INT_CONVERSION = YES;
				CLANG_WARN_NON_LITERAL_NULL_CONVERSION = YES;
				CLANG_WARN_OBJC_IMPLICIT_RETAIN_SELF = YES;
				CLANG_WARN_OBJC_LITERAL_CONVERSION = YES;
				CLANG_WARN_OBJC_ROOT_CLASS = YES_ERROR;
				CLANG_WARN_QUOTED_INCLUDE_IN_FRAMEWORK_HEADER = YES;
				CLANG_WARN_RANGE_LOOP_ANALYSIS = YES;
				CLANG_WARN_STRICT_PROTOTYPES = YES;
				CLANG_WARN_SUSPICIOUS_MOVE = YES;
				CLANG_WARN_UNGUARDED_AVAILABILITY = YES_AGGRESSIVE;
				CLANG_WARN_UNREACHABLE_CODE = YES;
				CLANG_WARN__DUPLICATE_METHOD_MATCH = YES;
				COPY_PHASE_STRIP = NO;
				DEBUG_INFORMATION_FORMAT = dwarf;
				ENABLE_STRICT_OBJC_MSGSEND = YES;
				ENABLE_TESTABILITY = YES;
				GCC_C_LANGUAGE_STANDARD = gnu11;
				GCC_DYNAMIC_NO_PIC = NO;
				GCC_NO_COMMON_BLOCKS = YES;
				GCC_OPTIMIZATION_LEVEL = 0;
				GCC_PREPROCESSOR_DEFINITIONS = (
					"DEBUG=1",
					"$(inherited)",
				);
				GCC_WARN_64_TO_32_BIT_CONVERSION = YES;
				GCC_WARN_ABOUT_RETURN_TYPE = YES_ERROR;
				GCC_WARN_UNDECLARED_SELECTOR = YES;
				GCC_WARN_UNINITIALIZED_AUTOS = YES_AGGRESSIVE;
				GCC_WARN_UNUSED_FUNCTION = YES;
				GCC_WARN_UNUSED_VARIABLE = YES;
				IPHONEOS_DEPLOYMENT_TARGET = 15.2;
				MTL_ENABLE_DEBUG_INFO = INCLUDE_SOURCE;
				MTL_FAST_MATH = YES;
				ONLY_ACTIVE_ARCH = YES;
				SDKROOT = iphoneos;
				SWIFT_ACTIVE_COMPILATION_CONDITIONS = DEBUG;
				SWIFT_OPTIMIZATION_LEVEL = "-Onone";
			};
			name = Debug;
		};
		98988E1A27B60ED100A5C691 /* Release */ = {
			isa = XCBuildConfiguration;
			buildSettings = {
				ALWAYS_SEARCH_USER_PATHS = NO;
				CLANG_ANALYZER_NONNULL = YES;
				CLANG_ANALYZER_NUMBER_OBJECT_CONVERSION = YES_AGGRESSIVE;
				CLANG_CXX_LANGUAGE_STANDARD = "gnu++17";
				CLANG_CXX_LIBRARY = "libc++";
				CLANG_ENABLE_MODULES = YES;
				CLANG_ENABLE_OBJC_ARC = YES;
				CLANG_ENABLE_OBJC_WEAK = YES;
				CLANG_WARN_BLOCK_CAPTURE_AUTORELEASING = YES;
				CLANG_WARN_BOOL_CONVERSION = YES;
				CLANG_WARN_COMMA = YES;
				CLANG_WARN_CONSTANT_CONVERSION = YES;
				CLANG_WARN_DEPRECATED_OBJC_IMPLEMENTATIONS = YES;
				CLANG_WARN_DIRECT_OBJC_ISA_USAGE = YES_ERROR;
				CLANG_WARN_DOCUMENTATION_COMMENTS = YES;
				CLANG_WARN_EMPTY_BODY = YES;
				CLANG_WARN_ENUM_CONVERSION = YES;
				CLANG_WARN_INFINITE_RECURSION = YES;
				CLANG_WARN_INT_CONVERSION = YES;
				CLANG_WARN_NON_LITERAL_NULL_CONVERSION = YES;
				CLANG_WARN_OBJC_IMPLICIT_RETAIN_SELF = YES;
				CLANG_WARN_OBJC_LITERAL_CONVERSION = YES;
				CLANG_WARN_OBJC_ROOT_CLASS = YES_ERROR;
				CLANG_WARN_QUOTED_INCLUDE_IN_FRAMEWORK_HEADER = YES;
				CLANG_WARN_RANGE_LOOP_ANALYSIS = YES;
				CLANG_WARN_STRICT_PROTOTYPES = YES;
				CLANG_WARN_SUSPICIOUS_MOVE = YES;
				CLANG_WARN_UNGUARDED_AVAILABILITY = YES_AGGRESSIVE;
				CLANG_WARN_UNREACHABLE_CODE = YES;
				CLANG_WARN__DUPLICATE_METHOD_MATCH = YES;
				COPY_PHASE_STRIP = NO;
				DEBUG_INFORMATION_FORMAT = "dwarf-with-dsym";
				ENABLE_NS_ASSERTIONS = NO;
				ENABLE_STRICT_OBJC_MSGSEND = YES;
				GCC_C_LANGUAGE_STANDARD = gnu11;
				GCC_NO_COMMON_BLOCKS = YES;
				GCC_WARN_64_TO_32_BIT_CONVERSION = YES;
				GCC_WARN_ABOUT_RETURN_TYPE = YES_ERROR;
				GCC_WARN_UNDECLARED_SELECTOR = YES;
				GCC_WARN_UNINITIALIZED_AUTOS = YES_AGGRESSIVE;
				GCC_WARN_UNUSED_FUNCTION = YES;
				GCC_WARN_UNUSED_VARIABLE = YES;
				IPHONEOS_DEPLOYMENT_TARGET = 15.2;
				MTL_ENABLE_DEBUG_INFO = NO;
				MTL_FAST_MATH = YES;
				SDKROOT = iphoneos;
				SWIFT_COMPILATION_MODE = wholemodule;
				SWIFT_OPTIMIZATION_LEVEL = "-O";
				VALIDATE_PRODUCT = YES;
			};
			name = Release;
		};
		98988E1C27B60ED100A5C691 /* Debug */ = {
			isa = XCBuildConfiguration;
			buildSettings = {
				ASSETCATALOG_COMPILER_APPICON_NAME = AppIcon;
				ASSETCATALOG_COMPILER_GLOBAL_ACCENT_COLOR_NAME = AccentColor;
				CODE_SIGN_STYLE = Automatic;
				CURRENT_PROJECT_VERSION = 1;
				DEVELOPMENT_TEAM = 9Z86N6X4FM;
				GENERATE_INFOPLIST_FILE = YES;
				INFOPLIST_KEY_UIApplicationSupportsIndirectInputEvents = YES;
				INFOPLIST_KEY_UILaunchStoryboardName = LaunchScreen;
				INFOPLIST_KEY_UIMainStoryboardFile = Main;
				INFOPLIST_KEY_UIStatusBarHidden = YES;
				INFOPLIST_KEY_UISupportedInterfaceOrientations_iPad = "UIInterfaceOrientationPortrait UIInterfaceOrientationPortraitUpsideDown UIInterfaceOrientationLandscapeLeft UIInterfaceOrientationLandscapeRight";
				INFOPLIST_KEY_UISupportedInterfaceOrientations_iPhone = "UIInterfaceOrientationPortrait UIInterfaceOrientationLandscapeLeft UIInterfaceOrientationLandscapeRight";
				LD_RUNPATH_SEARCH_PATHS = (
					"$(inherited)",
					"@executable_path/Frameworks",
				);
				MARKETING_VERSION = 1.0;
				PRODUCT_BUNDLE_IDENTIFIER = com.carlosamaral.Pong;
				PRODUCT_NAME = "$(TARGET_NAME)";
				SWIFT_EMIT_LOC_STRINGS = YES;
				SWIFT_VERSION = 5.0;
				TARGETED_DEVICE_FAMILY = "1,2";
			};
			name = Debug;
		};
		98988E1D27B60ED100A5C691 /* Release */ = {
			isa = XCBuildConfiguration;
			buildSettings = {
				ASSETCATALOG_COMPILER_APPICON_NAME = AppIcon;
				ASSETCATALOG_COMPILER_GLOBAL_ACCENT_COLOR_NAME = AccentColor;
				CODE_SIGN_STYLE = Automatic;
				CURRENT_PROJECT_VERSION = 1;
				DEVELOPMENT_TEAM = 9Z86N6X4FM;
				GENERATE_INFOPLIST_FILE = YES;
				INFOPLIST_KEY_UIApplicationSupportsIndirectInputEvents = YES;
				INFOPLIST_KEY_UILaunchStoryboardName = LaunchScreen;
				INFOPLIST_KEY_UIMainStoryboardFile = Main;
				INFOPLIST_KEY_UIStatusBarHidden = YES;
				INFOPLIST_KEY_UISupportedInterfaceOrientations_iPad = "UIInterfaceOrientationPortrait UIInterfaceOrientationPortraitUpsideDown UIInterfaceOrientationLandscapeLeft UIInterfaceOrientationLandscapeRight";
				INFOPLIST_KEY_UISupportedInterfaceOrientations_iPhone = "UIInterfaceOrientationPortrait UIInterfaceOrientationLandscapeLeft UIInterfaceOrientationLandscapeRight";
				LD_RUNPATH_SEARCH_PATHS = (
					"$(inherited)",
					"@executable_path/Frameworks",
				);
				MARKETING_VERSION = 1.0;
				PRODUCT_BUNDLE_IDENTIFIER = com.carlosamaral.Pong;
				PRODUCT_NAME = "$(TARGET_NAME)";
				SWIFT_EMIT_LOC_STRINGS = YES;
				SWIFT_VERSION = 5.0;
				TARGETED_DEVICE_FAMILY = "1,2";
			};
			name = Release;
		};
		98988E1F27B60ED100A5C691 /* Debug */ = {
			isa = XCBuildConfiguration;
			buildSettings = {
				ALWAYS_EMBED_SWIFT_STANDARD_LIBRARIES = YES;
				BUNDLE_LOADER = "$(TEST_HOST)";
				CODE_SIGN_STYLE = Automatic;
				CURRENT_PROJECT_VERSION = 1;
				DEVELOPMENT_TEAM = 9Z86N6X4FM;
				GENERATE_INFOPLIST_FILE = YES;
				IPHONEOS_DEPLOYMENT_TARGET = 15.2;
				MARKETING_VERSION = 1.0;
				PRODUCT_BUNDLE_IDENTIFIER = com.carlosamaral.PongTests;
				PRODUCT_NAME = "$(TARGET_NAME)";
				SWIFT_EMIT_LOC_STRINGS = NO;
				SWIFT_VERSION = 5.0;
				TARGETED_DEVICE_FAMILY = "1,2";
				TEST_HOST = "$(BUILT_PRODUCTS_DIR)/Pong.app/Pong";
			};
			name = Debug;
		};
		98988E2027B60ED100A5C691 /* Release */ = {
			isa = XCBuildConfiguration;
			buildSettings = {
				ALWAYS_EMBED_SWIFT_STANDARD_LIBRARIES = YES;
				BUNDLE_LOADER = "$(TEST_HOST)";
				CODE_SIGN_STYLE = Automatic;
				CURRENT_PROJECT_VERSION = 1;
				DEVELOPMENT_TEAM = 9Z86N6X4FM;
				GENERATE_INFOPLIST_FILE = YES;
				IPHONEOS_DEPLOYMENT_TARGET = 15.2;
				MARKETING_VERSION = 1.0;
				PRODUCT_BUNDLE_IDENTIFIER = com.carlosamaral.PongTests;
				PRODUCT_NAME = "$(TARGET_NAME)";
				SWIFT_EMIT_LOC_STRINGS = NO;
				SWIFT_VERSION = 5.0;
				TARGETED_DEVICE_FAMILY = "1,2";
				TEST_HOST = "$(BUILT_PRODUCTS_DIR)/Pong.app/Pong";
			};
			name = Release;
		};
		98988E2227B60ED100A5C691 /* Debug */ = {
			isa = XCBuildConfiguration;
			buildSettings = {
				ALWAYS_EMBED_SWIFT_STANDARD_LIBRARIES = YES;
				CODE_SIGN_STYLE = Automatic;
				CURRENT_PROJECT_VERSION = 1;
				DEVELOPMENT_TEAM = 9Z86N6X4FM;
				GENERATE_INFOPLIST_FILE = YES;
				MARKETING_VERSION = 1.0;
				PRODUCT_BUNDLE_IDENTIFIER = com.carlosamaral.PongUITests;
				PRODUCT_NAME = "$(TARGET_NAME)";
				SWIFT_EMIT_LOC_STRINGS = NO;
				SWIFT_VERSION = 5.0;
				TARGETED_DEVICE_FAMILY = "1,2";
				TEST_TARGET_NAME = Pong;
			};
			name = Debug;
		};
		98988E2327B60ED100A5C691 /* Release */ = {
			isa = XCBuildConfiguration;
			buildSettings = {
				ALWAYS_EMBED_SWIFT_STANDARD_LIBRARIES = YES;
				CODE_SIGN_STYLE = Automatic;
				CURRENT_PROJECT_VERSION = 1;
				DEVELOPMENT_TEAM = 9Z86N6X4FM;
				GENERATE_INFOPLIST_FILE = YES;
				MARKETING_VERSION = 1.0;
				PRODUCT_BUNDLE_IDENTIFIER = com.carlosamaral.PongUITests;
				PRODUCT_NAME = "$(TARGET_NAME)";
				SWIFT_EMIT_LOC_STRINGS = NO;
				SWIFT_VERSION = 5.0;
				TARGETED_DEVICE_FAMILY = "1,2";
				TEST_TARGET_NAME = Pong;
			};
			name = Release;
		};
/* End XCBuildConfiguration section */

/* Begin XCConfigurationList section */
		98988DE927B60ED000A5C691 /* Build configuration list for PBXProject "Pong" */ = {
			isa = XCConfigurationList;
			buildConfigurations = (
				98988E1927B60ED100A5C691 /* Debug */,
				98988E1A27B60ED100A5C691 /* Release */,
			);
			defaultConfigurationIsVisible = 0;
			defaultConfigurationName = Release;
		};
		98988E1B27B60ED100A5C691 /* Build configuration list for PBXNativeTarget "Pong" */ = {
			isa = XCConfigurationList;
			buildConfigurations = (
				98988E1C27B60ED100A5C691 /* Debug */,
				98988E1D27B60ED100A5C691 /* Release */,
			);
			defaultConfigurationIsVisible = 0;
			defaultConfigurationName = Release;
		};
		98988E1E27B60ED100A5C691 /* Build configuration list for PBXNativeTarget "PongTests" */ = {
			isa = XCConfigurationList;
			buildConfigurations = (
				98988E1F27B60ED100A5C691 /* Debug */,
				98988E2027B60ED100A5C691 /* Release */,
			);
			defaultConfigurationIsVisible = 0;
			defaultConfigurationName = Release;
		};
		98988E2127B60ED100A5C691 /* Build configuration list for PBXNativeTarget "PongUITests" */ = {
			isa = XCConfigurationList;
			buildConfigurations = (
				98988E2227B60ED100A5C691 /* Debug */,
				98988E2327B60ED100A5C691 /* Release */,
			);
			defaultConfigurationIsVisible = 0;
			defaultConfigurationName = Release;
		};
/* End XCConfigurationList section */
	};
	rootObject = 98988DE627B60ED000A5C691 /* Project object */;
}
